// !$*UTF8*$!
{
	archiveVersion = 1;
	classes = {
	};
	objectVersion = 46;
	objects = {

/* Begin PBXBuildFile section */
		0A693F1F160709FF00002FC5 /* UIKit.framework in Frameworks */ = {isa = PBXBuildFile; fileRef = 0A693F1E160709FF00002FC5 /* UIKit.framework */; };
		0A693F21160709FF00002FC5 /* Foundation.framework in Frameworks */ = {isa = PBXBuildFile; fileRef = 0A693F20160709FF00002FC5 /* Foundation.framework */; };
		0A693F23160709FF00002FC5 /* CoreGraphics.framework in Frameworks */ = {isa = PBXBuildFile; fileRef = 0A693F22160709FF00002FC5 /* CoreGraphics.framework */; };
		0A693F29160709FF00002FC5 /* InfoPlist.strings in Resources */ = {isa = PBXBuildFile; fileRef = 0A693F27160709FF00002FC5 /* InfoPlist.strings */; };
		0A693F2B160709FF00002FC5 /* main.m in Sources */ = {isa = PBXBuildFile; fileRef = 0A693F2A160709FF00002FC5 /* main.m */; };
		0A693F2F160709FF00002FC5 /* AppDelegate.m in Sources */ = {isa = PBXBuildFile; fileRef = 0A693F2E160709FF00002FC5 /* AppDelegate.m */; };
		0A693F32160709FF00002FC5 /* ViewController.m in Sources */ = {isa = PBXBuildFile; fileRef = 0A693F31160709FF00002FC5 /* ViewController.m */; };
		0A693F35160709FF00002FC5 /* ViewController.xib in Resources */ = {isa = PBXBuildFile; fileRef = 0A693F33160709FF00002FC5 /* ViewController.xib */; };
/* End PBXBuildFile section */

/* Begin PBXFileReference section */
		0A693F1A160709FF00002FC5 /* CellDownload.app */ = {isa = PBXFileReference; explicitFileType = wrapper.application; includeInIndex = 0; path = CellDownload.app; sourceTree = BUILT_PRODUCTS_DIR; };
		0A693F1E160709FF00002FC5 /* UIKit.framework */ = {isa = PBXFileReference; lastKnownFileType = wrapper.framework; name = UIKit.framework; path = System/Library/Frameworks/UIKit.framework; sourceTree = SDKROOT; };
		0A693F20160709FF00002FC5 /* Foundation.framework */ = {isa = PBXFileReference; lastKnownFileType = wrapper.framework; name = Foundation.framework; path = System/Library/Frameworks/Foundation.framework; sourceTree = SDKROOT; };
		0A693F22160709FF00002FC5 /* CoreGraphics.framework */ = {isa = PBXFileReference; lastKnownFileType = wrapper.framework; name = CoreGraphics.framework; path = System/Library/Frameworks/CoreGraphics.framework; sourceTree = SDKROOT; };
		0A693F26160709FF00002FC5 /* CellDownload-Info.plist */ = {isa = PBXFileReference; lastKnownFileType = text.plist.xml; path = "CellDownload-Info.plist"; sourceTree = "<group>"; };
		0A693F28160709FF00002FC5 /* en */ = {isa = PBXFileReference; lastKnownFileType = text.plist.strings; name = en; path = en.lproj/InfoPlist.strings; sourceTree = "<group>"; };
		0A693F2A160709FF00002FC5 /* main.m */ = {isa = PBXFileReference; lastKnownFileType = sourcecode.c.objc; path = main.m; sourceTree = "<group>"; };
		0A693F2C160709FF00002FC5 /* CellDownload-Prefix.pch */ = {isa = PBXFileReference; lastKnownFileType = sourcecode.c.h; path = "CellDownload-Prefix.pch"; sourceTree = "<group>"; };
		0A693F2D160709FF00002FC5 /* AppDelegate.h */ = {isa = PBXFileReference; lastKnownFileType = sourcecode.c.h; path = AppDelegate.h; sourceTree = "<group>"; };
		0A693F2E160709FF00002FC5 /* AppDelegate.m */ = {isa = PBXFileReference; lastKnownFileType = sourcecode.c.objc; path = AppDelegate.m; sourceTree = "<group>"; };
		0A693F30160709FF00002FC5 /* ViewController.h */ = {isa = PBXFileReference; lastKnownFileType = sourcecode.c.h; path = ViewController.h; sourceTree = "<group>"; };
		0A693F31160709FF00002FC5 /* ViewController.m */ = {isa = PBXFileReference; lastKnownFileType = sourcecode.c.objc; path = ViewController.m; sourceTree = "<group>"; };
		0A693F34160709FF00002FC5 /* en */ = {isa = PBXFileReference; lastKnownFileType = file.xib; name = en; path = en.lproj/ViewController.xib; sourceTree = "<group>"; };
/* End PBXFileReference section */

/* Begin PBXFrameworksBuildPhase section */
		0A693F17160709FF00002FC5 /* Frameworks */ = {
			isa = PBXFrameworksBuildPhase;
			buildActionMask = 2147483647;
			files = (
				0A693F1F160709FF00002FC5 /* UIKit.framework in Frameworks */,
				0A693F21160709FF00002FC5 /* Foundation.framework in Frameworks */,
				0A693F23160709FF00002FC5 /* CoreGraphics.framework in Frameworks */,
			);
			runOnlyForDeploymentPostprocessing = 0;
		};
/* End PBXFrameworksBuildPhase section */

/* Begin PBXGroup section */
		0A693F0F160709FF00002FC5 = {
			isa = PBXGroup;
			children = (
				0A693F24160709FF00002FC5 /* CellDownload */,
				0A693F1D160709FF00002FC5 /* Frameworks */,
				0A693F1B160709FF00002FC5 /* Products */,
			);
			sourceTree = "<group>";
		};
		0A693F1B160709FF00002FC5 /* Products */ = {
			isa = PBXGroup;
			children = (
				0A693F1A160709FF00002FC5 /* CellDownload.app */,
			);
			name = Products;
			sourceTree = "<group>";
		};
		0A693F1D160709FF00002FC5 /* Frameworks */ = {
			isa = PBXGroup;
			children = (
				0A693F1E160709FF00002FC5 /* UIKit.framework */,
				0A693F20160709FF00002FC5 /* Foundation.framework */,
				0A693F22160709FF00002FC5 /* CoreGraphics.framework */,
			);
			name = Frameworks;
			sourceTree = "<group>";
		};
		0A693F24160709FF00002FC5 /* CellDownload */ = {
			isa = PBXGroup;
			children = (
				0A693F2D160709FF00002FC5 /* AppDelegate.h */,
				0A693F2E160709FF00002FC5 /* AppDelegate.m */,
				0A693F30160709FF00002FC5 /* ViewController.h */,
				0A693F31160709FF00002FC5 /* ViewController.m */,
				0A693F33160709FF00002FC5 /* ViewController.xib */,
				0A693F25160709FF00002FC5 /* Supporting Files */,
			);
			path = CellDownload;
			sourceTree = "<group>";
		};
		0A693F25160709FF00002FC5 /* Supporting Files */ = {
			isa = PBXGroup;
			children = (
				0A693F26160709FF00002FC5 /* CellDownload-Info.plist */,
				0A693F27160709FF00002FC5 /* InfoPlist.strings */,
				0A693F2A160709FF00002FC5 /* main.m */,
				0A693F2C160709FF00002FC5 /* CellDownload-Prefix.pch */,
			);
			name = "Supporting Files";
			sourceTree = "<group>";
		};
/* End PBXGroup section */

/* Begin PBXNativeTarget section */
		0A693F19160709FF00002FC5 /* CellDownload */ = {
			isa = PBXNativeTarget;
			buildConfigurationList = 0A693F38160709FF00002FC5 /* Build configuration list for PBXNativeTarget "CellDownload" */;
			buildPhases = (
				0A693F16160709FF00002FC5 /* Sources */,
				0A693F17160709FF00002FC5 /* Frameworks */,
				0A693F18160709FF00002FC5 /* Resources */,
			);
			buildRules = (
			);
			dependencies = (
			);
			name = CellDownload;
			productName = CellDownload;
			productReference = 0A693F1A160709FF00002FC5 /* CellDownload.app */;
			productType = "com.apple.product-type.application";
		};
/* End PBXNativeTarget section */

/* Begin PBXProject section */
		0A693F11160709FF00002FC5 /* Project object */ = {
			isa = PBXProject;
			attributes = {
				LastUpgradeCheck = 0440;
				ORGANIZATIONNAME = "Zhang Yan";
			};
			buildConfigurationList = 0A693F14160709FF00002FC5 /* Build configuration list for PBXProject "CellDownload" */;
			compatibilityVersion = "Xcode 3.2";
			developmentRegion = English;
			hasScannedForEncodings = 0;
			knownRegions = (
				en,
			);
			mainGroup = 0A693F0F160709FF00002FC5;
			productRefGroup = 0A693F1B160709FF00002FC5 /* Products */;
			projectDirPath = "";
			projectRoot = "";
			targets = (
				0A693F19160709FF00002FC5 /* CellDownload */,
			);
		};
/* End PBXProject section */

/* Begin PBXResourcesBuildPhase section */
		0A693F18160709FF00002FC5 /* Resources */ = {
			isa = PBXResourcesBuildPhase;
			buildActionMask = 2147483647;
			files = (
				0A693F29160709FF00002FC5 /* InfoPlist.strings in Resources */,
				0A693F35160709FF00002FC5 /* ViewController.xib in Resources */,
			);
			runOnlyForDeploymentPostprocessing = 0;
		};
/* End PBXResourcesBuildPhase section */

/* Begin PBXSourcesBuildPhase section */
		0A693F16160709FF00002FC5 /* Sources */ = {
			isa = PBXSourcesBuildPhase;
			buildActionMask = 2147483647;
			files = (
				0A693F2B160709FF00002FC5 /* main.m in Sources */,
				0A693F2F160709FF00002FC5 /* AppDelegate.m in Sources */,
				0A693F32160709FF00002FC5 /* ViewController.m in Sources */,
			);
			runOnlyForDeploymentPostprocessing = 0;
		};
/* End PBXSourcesBuildPhase section */

/* Begin PBXVariantGroup section */
		0A693F27160709FF00002FC5 /* InfoPlist.strings */ = {
			isa = PBXVariantGroup;
			children = (
				0A693F28160709FF00002FC5 /* en */,
			);
			name = InfoPlist.strings;
			sourceTree = "<group>";
		};
		0A693F33160709FF00002FC5 /* ViewController.xib */ = {
			isa = PBXVariantGroup;
			children = (
				0A693F34160709FF00002FC5 /* en */,
			);
			name = ViewController.xib;
			sourceTree = "<group>";
		};
/* End PBXVariantGroup section */

/* Begin XCBuildConfiguration section */
		0A693F36160709FF00002FC5 /* Debug */ = {
			isa = XCBuildConfiguration;
			buildSettings = {
				ALWAYS_SEARCH_USER_PATHS = NO;
				ARCHS = "$(ARCHS_STANDARD_32_BIT)";
				CLANG_CXX_LANGUAGE_STANDARD = "gnu++0x";
				CLANG_WARN__DUPLICATE_METHOD_MATCH = YES;
				"CODE_SIGN_IDENTITY[sdk=iphoneos*]" = "iPhone Developer";
				COPY_PHASE_STRIP = NO;
				GCC_C_LANGUAGE_STANDARD = gnu99;
				GCC_DYNAMIC_NO_PIC = NO;
				GCC_OPTIMIZATION_LEVEL = 0;
				GCC_PREPROCESSOR_DEFINITIONS = (
					"DEBUG=1",
					"$(inherited)",
				);
				GCC_SYMBOLS_PRIVATE_EXTERN = NO;
				GCC_VERSION = com.apple.compilers.llvm.clang.1_0;
				GCC_WARN_ABOUT_RETURN_TYPE = YES;
				GCC_WARN_UNINITIALIZED_AUTOS = YES;
				GCC_WARN_UNUSED_VARIABLE = YES;
				IPHONEOS_DEPLOYMENT_TARGET = 5.1;
				SDKROOT = iphoneos;
			};
			name = Debug;
		};
		0A693F37160709FF00002FC5 /* Release */ = {
			isa = XCBuildConfiguration;
			buildSettings = {
				ALWAYS_SEARCH_USER_PATHS = NO;
				ARCHS = "$(ARCHS_STANDARD_32_BIT)";
				CLANG_CXX_LANGUAGE_STANDARD = "gnu++0x";
				CLANG_WARN__DUPLICATE_METHOD_MATCH = YES;
				"CODE_SIGN_IDENTITY[sdk=iphoneos*]" = "iPhone Developer";
				COPY_PHASE_STRIP = YES;
				GCC_C_LANGUAGE_STANDARD = gnu99;
				GCC_VERSION = com.apple.compilers.llvm.clang.1_0;
				GCC_WARN_ABOUT_RETURN_TYPE = YES;
				GCC_WARN_UNINITIALIZED_AUTOS = YES;
				GCC_WARN_UNUSED_VARIABLE = YES;
				IPHONEOS_DEPLOYMENT_TARGET = 5.1;
				OTHER_CFLAGS = "-DNS_BLOCK_ASSERTIONS=1";
				SDKROOT = iphoneos;
				VALIDATE_PRODUCT = YES;
			};
			name = Release;
		};
		0A693F39160709FF00002FC5 /* Debug */ = {
			isa = XCBuildConfiguration;
			buildSettings = {
				GCC_PRECOMPILE_PREFIX_HEADER = YES;
				GCC_PREFIX_HEADER = "CellDownload/CellDownload-Prefix.pch";
				INFOPLIST_FILE = "CellDownload/CellDownload-Info.plist";
				PRODUCT_NAME = "$(TARGET_NAME)";
				WRAPPER_EXTENSION = app;
			};
			name = Debug;
		};
		0A693F3A160709FF00002FC5 /* Release */ = {
			isa = XCBuildConfiguration;
			buildSettings = {
				GCC_PRECOMPILE_PREFIX_HEADER = YES;
				GCC_PREFIX_HEADER = "CellDownload/CellDownload-Prefix.pch";
				INFOPLIST_FILE = "CellDownload/CellDownload-Info.plist";
				PRODUCT_NAME = "$(TARGET_NAME)";
				WRAPPER_EXTENSION = app;
			};
			name = Release;
		};
/* End XCBuildConfiguration section */

/* Begin XCConfigurationList section */
		0A693F14160709FF00002FC5 /* Build configuration list for PBXProject "CellDownload" */ = {
			isa = XCConfigurationList;
			buildConfigurations = (
				0A693F36160709FF00002FC5 /* Debug */,
				0A693F37160709FF00002FC5 /* Release */,
			);
			defaultConfigurationIsVisible = 0;
			defaultConfigurationName = Release;
		};
		0A693F38160709FF00002FC5 /* Build configuration list for PBXNativeTarget "CellDownload" */ = {
			isa = XCConfigurationList;
			buildConfigurations = (
				0A693F39160709FF00002FC5 /* Debug */,
				0A693F3A160709FF00002FC5 /* Release */,
			);
			defaultConfigurationIsVisible = 0;
		};
/* End XCConfigurationList section */
	};
	rootObject = 0A693F11160709FF00002FC5 /* Project object */;
}
